
Microsoft Visual Studio Solution File, Format Version 12.00
# Visual Studio Version 17
VisualStudioVersion = 17.7.34302.85
MinimumVisualStudioVersion = 10.0.40219.1
Project("{9A19103F-16F7-4668-BE54-9A1E7A4F7556}") = "MyCAServer", "MyCAServer\MyCAServer.csproj", "{3D4CC0DA-5E0D-4126-B77E-D9EC98B4ADD0}"
EndProject
Project("{9A19103F-16F7-4668-BE54-9A1E7A4F7556}") = "Entities", "Entities\Entities\Entities.csproj", "{EBF82F0B-F987-4B37-A182-C56FB985AE9D}"
EndProject
Project("{9A19103F-16F7-4668-BE54-9A1E7A4F7556}") = "DTO", "DTO\DTO\DTO.csproj", "{50CB7720-8F31-48AA-B425-01D52CB40D67}"
EndProject
Project("{9A19103F-16F7-4668-BE54-9A1E7A4F7556}") = "BL", "BL\BL\BL.csproj", "{B61A5887-61FD-41E3-AC58-78E197AC38E2}"
EndProject
Project("{9A19103F-16F7-4668-BE54-9A1E7A4F7556}") = "DAL", "DAL\DAL\DAL.csproj", "{B3B4ABEF-FDB4-41A5-AFE7-766723F418C8}"
EndProject
Global
	GlobalSection(SolutionConfigurationPlatforms) = preSolution
		Debug|Any CPU = Debug|Any CPU
		Release|Any CPU = Release|Any CPU
	EndGlobalSection
	GlobalSection(ProjectConfigurationPlatforms) = postSolution
		{3D4CC0DA-5E0D-4126-B77E-D9EC98B4ADD0}.Debug|Any CPU.ActiveCfg = Debug|Any CPU
		{3D4CC0DA-5E0D-4126-B77E-D9EC98B4ADD0}.Debug|Any CPU.Build.0 = Debug|Any CPU
		{3D4CC0DA-5E0D-4126-B77E-D9EC98B4ADD0}.Release|Any CPU.ActiveCfg = Release|Any CPU
		{3D4CC0DA-5E0D-4126-B77E-D9EC98B4ADD0}.Release|Any CPU.Build.0 = Release|Any CPU
		{EBF82F0B-F987-4B37-A182-C56FB985AE9D}.Debug|Any CPU.ActiveCfg = Debug|Any CPU
		{EBF82F0B-F987-4B37-A182-C56FB985AE9D}.Debug|Any CPU.Build.0 = Debug|Any CPU
		{EBF82F0B-F987-4B37-A182-C56FB985AE9D}.Release|Any CPU.ActiveCfg = Release|Any CPU
		{EBF82F0B-F987-4B37-A182-C56FB985AE9D}.Release|Any CPU.Build.0 = Release|Any CPU
		{50CB7720-8F31-48AA-B425-01D52CB40D67}.Debug|Any CPU.ActiveCfg = Debug|Any CPU
		{50CB7720-8F31-48AA-B425-01D52CB40D67}.Debug|Any CPU.Build.0 = Debug|Any CPU
		{50CB7720-8F31-48AA-B425-01D52CB40D67}.Release|Any CPU.ActiveCfg = Release|Any CPU
		{50CB7720-8F31-48AA-B425-01D52CB40D67}.Release|Any CPU.Build.0 = Release|Any CPU
		{B61A5887-61FD-41E3-AC58-78E197AC38E2}.Debug|Any CPU.ActiveCfg = Debug|Any CPU
		{B61A5887-61FD-41E3-AC58-78E197AC38E2}.Debug|Any CPU.Build.0 = Debug|Any CPU
		{B61A5887-61FD-41E3-AC58-78E197AC38E2}.Release|Any CPU.ActiveCfg = Release|Any CPU
		{B61A5887-61FD-41E3-AC58-78E197AC38E2}.Release|Any CPU.Build.0 = Release|Any CPU
		{B3B4ABEF-FDB4-41A5-AFE7-766723F418C8}.Debug|Any CPU.ActiveCfg = Debug|Any CPU
		{B3B4ABEF-FDB4-41A5-AFE7-766723F418C8}.Debug|Any CPU.Build.0 = Debug|Any CPU
		{B3B4ABEF-FDB4-41A5-AFE7-766723F418C8}.Release|Any CPU.ActiveCfg = Release|Any CPU
		{B3B4ABEF-FDB4-41A5-AFE7-766723F418C8}.Release|Any CPU.Build.0 = Release|Any CPU
	EndGlobalSection
	GlobalSection(SolutionProperties) = preSolution
		HideSolutionNode = FALSE
	EndGlobalSection
	GlobalSection(ExtensibilityGlobals) = postSolution
		SolutionGuid = {77AF2895-C15F-4480-974C-61250A33ADAD}
	EndGlobalSection
EndGlobal
